PODS:
  - Alamofire (3.2.0)
  - IQKeyboardManagerSwift (3.3.4)
  - KFSwiftImageLoader (2.0.1)

DEPENDENCIES:
  - Alamofire (~> 3.1)
  - IQKeyboardManagerSwift (= 3.3.4)
  - KFSwiftImageLoader (~> 2.0)

SPEC CHECKSUMS:
  Alamofire: 4da478599fccddff361205c8929333d7fe18dceb
  IQKeyboardManagerSwift: 6f2290d093f5269dc07bdae8bc58e968cf9c4738
  KFSwiftImageLoader: a2b8a33a89116c767e7af8d2c109e8c483037b19

COCOAPODS: 0.39.0
